
Microsoft Visual Studio Solution File, Format Version 12.00
# Visual Studio Version 17
VisualStudioVersion = 17.5.33627.172
MinimumVisualStudioVersion = 10.0.40219.1
Project("{FAE04EC0-301F-11D3-BF4B-00C04F79EFBC}") = "lyt2.nilai", "lyt2.nilai\lyt2.nilai.csproj", "{8DF934B5-6A57-4EEA-91AB-38614DB39857}"
EndProject
Global
	GlobalSection(SolutionConfigurationPlatforms) = preSolution
		Debug|Any CPU = Debug|Any CPU
		Release|Any CPU = Release|Any CPU
	EndGlobalSection
	GlobalSection(ProjectConfigurationPlatforms) = postSolution
		{8DF934B5-6A57-4EEA-91AB-38614DB39857}.Debug|Any CPU.ActiveCfg = Debug|Any CPU
		{8DF934B5-6A57-4EEA-91AB-38614DB39857}.Debug|Any CPU.Build.0 = Debug|Any CPU
		{8DF934B5-6A57-4EEA-91AB-38614DB39857}.Release|Any CPU.ActiveCfg = Release|Any CPU
		{8DF934B5-6A57-4EEA-91AB-38614DB39857}.Release|Any CPU.Build.0 = Release|Any CPU
	EndGlobalSection
	GlobalSection(SolutionProperties) = preSolution
		HideSolutionNode = FALSE
	EndGlobalSection
	GlobalSection(ExtensibilityGlobals) = postSolution
		SolutionGuid = {AEACB5D3-708D-4461-A853-194F209940CF}
	EndGlobalSection
EndGlobal
